// !$*UTF8*$!
{
	archiveVersion = 1;
	classes = {
	};
	objectVersion = 48;
	objects = {

/* Begin PBXBuildFile section */
		FB3D71FB1DDE51560090CC36 /* Logging.swift in Sources */ = {isa = PBXBuildFile; fileRef = FB3D71FA1DDE51560090CC36 /* Logging.swift */; };
		FB68DDB91DEB437E00B8DCD6 /* Launch Screen.storyboard in Resources */ = {isa = PBXBuildFile; fileRef = FB68DDB81DEB437E00B8DCD6 /* Launch Screen.storyboard */; };
		FBAC3C3D19659AD300A5AC60 /* SineWaveAudioBuffer.swift in Sources */ = {isa = PBXBuildFile; fileRef = FBAC3C3C19659AD300A5AC60 /* SineWaveAudioBuffer.swift */; };
		FBAC3C3F1965B36700A5AC60 /* AudioWaveView.swift in Sources */ = {isa = PBXBuildFile; fileRef = FBAC3C3E1965B36700A5AC60 /* AudioWaveView.swift */; };
		FBD58E7A19619FE6008BBD34 /* AppDelegate.swift in Sources */ = {isa = PBXBuildFile; fileRef = FBD58E7919619FE6008BBD34 /* AppDelegate.swift */; };
		FBD58E7C19619FE6008BBD34 /* AudioViewController.swift in Sources */ = {isa = PBXBuildFile; fileRef = FBD58E7B19619FE6008BBD34 /* AudioViewController.swift */; };
		FBD58E7F19619FE6008BBD34 /* Main.storyboard in Resources */ = {isa = PBXBuildFile; fileRef = FBD58E7D19619FE6008BBD34 /* Main.storyboard */; };
		FBD58E8119619FE6008BBD34 /* Images.xcassets in Resources */ = {isa = PBXBuildFile; fileRef = FBD58E8019619FE6008BBD34 /* Images.xcassets */; };
		FBD58E8D19619FE6008BBD34 /* ToneGenTests.swift in Sources */ = {isa = PBXBuildFile; fileRef = FBD58E8C19619FE6008BBD34 /* ToneGenTests.swift */; };
		FBD58E971961B6D6008BBD34 /* ToneGenerator.swift in Sources */ = {isa = PBXBuildFile; fileRef = FBD58E961961B6D6008BBD34 /* ToneGenerator.swift */; };
/* End PBXBuildFile section */

/* Begin PBXContainerItemProxy section */
		FBD58E8719619FE6008BBD34 /* PBXContainerItemProxy */ = {
			isa = PBXContainerItemProxy;
			containerPortal = FBD58E6C19619FE6008BBD34 /* Project object */;
			proxyType = 1;
			remoteGlobalIDString = FBD58E7319619FE6008BBD34;
			remoteInfo = ToneGen;
		};
/* End PBXContainerItemProxy section */

/* Begin PBXFileReference section */
		FB3D71FA1DDE51560090CC36 /* Logging.swift */ = {isa = PBXFileReference; fileEncoding = 4; lastKnownFileType = sourcecode.swift; path = Logging.swift; sourceTree = "<group>"; };
		FB68DDB81DEB437E00B8DCD6 /* Launch Screen.storyboard */ = {isa = PBXFileReference; fileEncoding = 4; lastKnownFileType = file.storyboard; path = "Launch Screen.storyboard"; sourceTree = "<group>"; };
		FBAC3C3C19659AD300A5AC60 /* SineWaveAudioBuffer.swift */ = {isa = PBXFileReference; fileEncoding = 4; lastKnownFileType = sourcecode.swift; path = SineWaveAudioBuffer.swift; sourceTree = "<group>"; };
		FBAC3C3E1965B36700A5AC60 /* AudioWaveView.swift */ = {isa = PBXFileReference; fileEncoding = 4; lastKnownFileType = sourcecode.swift; path = AudioWaveView.swift; sourceTree = "<group>"; };
		FBC5A98F196486F700019F47 /* MyPlayground.playground */ = {isa = PBXFileReference; lastKnownFileType = file.playground; path = MyPlayground.playground; sourceTree = "<group>"; };
		FBD58E7419619FE6008BBD34 /* ToneGen.app */ = {isa = PBXFileReference; explicitFileType = wrapper.application; includeInIndex = 0; path = ToneGen.app; sourceTree = BUILT_PRODUCTS_DIR; };
		FBD58E7819619FE6008BBD34 /* Info.plist */ = {isa = PBXFileReference; lastKnownFileType = text.plist.xml; path = Info.plist; sourceTree = "<group>"; };
		FBD58E7919619FE6008BBD34 /* AppDelegate.swift */ = {isa = PBXFileReference; lastKnownFileType = sourcecode.swift; path = AppDelegate.swift; sourceTree = "<group>"; };
		FBD58E7B19619FE6008BBD34 /* AudioViewController.swift */ = {isa = PBXFileReference; lastKnownFileType = sourcecode.swift; path = AudioViewController.swift; sourceTree = "<group>"; };
		FBD58E7E19619FE6008BBD34 /* Base */ = {isa = PBXFileReference; lastKnownFileType = file.storyboard; name = Base; path = Base.lproj/Main.storyboard; sourceTree = "<group>"; };
		FBD58E8019619FE6008BBD34 /* Images.xcassets */ = {isa = PBXFileReference; lastKnownFileType = folder.assetcatalog; path = Images.xcassets; sourceTree = "<group>"; };
		FBD58E8619619FE6008BBD34 /* ToneGenTests.xctest */ = {isa = PBXFileReference; explicitFileType = wrapper.cfbundle; includeInIndex = 0; path = ToneGenTests.xctest; sourceTree = BUILT_PRODUCTS_DIR; };
		FBD58E8B19619FE6008BBD34 /* Info.plist */ = {isa = PBXFileReference; lastKnownFileType = text.plist.xml; path = Info.plist; sourceTree = "<group>"; };
		FBD58E8C19619FE6008BBD34 /* ToneGenTests.swift */ = {isa = PBXFileReference; lastKnownFileType = sourcecode.swift; path = ToneGenTests.swift; sourceTree = "<group>"; };
		FBD58E961961B6D6008BBD34 /* ToneGenerator.swift */ = {isa = PBXFileReference; fileEncoding = 4; lastKnownFileType = sourcecode.swift; path = ToneGenerator.swift; sourceTree = "<group>"; };
		FBFC2F001961C17C00D42CE8 /* ToneGen-Bridging-Header.h */ = {isa = PBXFileReference; lastKnownFileType = sourcecode.c.h; path = "ToneGen-Bridging-Header.h"; sourceTree = "<group>"; };
/* End PBXFileReference section */

/* Begin PBXFrameworksBuildPhase section */
		FBD58E7119619FE6008BBD34 /* Frameworks */ = {
			isa = PBXFrameworksBuildPhase;
			buildActionMask = 2147483647;
			files = (
			);
			runOnlyForDeploymentPostprocessing = 0;
		};
		FBD58E8319619FE6008BBD34 /* Frameworks */ = {
			isa = PBXFrameworksBuildPhase;
			buildActionMask = 2147483647;
			files = (
			);
			runOnlyForDeploymentPostprocessing = 0;
		};
/* End PBXFrameworksBuildPhase section */

/* Begin PBXGroup section */
		FBD58E6B19619FE6008BBD34 = {
			isa = PBXGroup;
			children = (
				FB68DDB81DEB437E00B8DCD6 /* Launch Screen.storyboard */,
				FBC5A98F196486F700019F47 /* MyPlayground.playground */,
				FBD58E7619619FE6008BBD34 /* ToneGen */,
				FBD58E8919619FE6008BBD34 /* ToneGenTests */,
				FBD58E7519619FE6008BBD34 /* Products */,
			);
			sourceTree = "<group>";
		};
		FBD58E7519619FE6008BBD34 /* Products */ = {
			isa = PBXGroup;
			children = (
				FBD58E7419619FE6008BBD34 /* ToneGen.app */,
				FBD58E8619619FE6008BBD34 /* ToneGenTests.xctest */,
			);
			name = Products;
			sourceTree = "<group>";
		};
		FBD58E7619619FE6008BBD34 /* ToneGen */ = {
			isa = PBXGroup;
			children = (
				FB3D71FA1DDE51560090CC36 /* Logging.swift */,
				FBD58E7919619FE6008BBD34 /* AppDelegate.swift */,
				FBD58E7B19619FE6008BBD34 /* AudioViewController.swift */,
				FBD58E961961B6D6008BBD34 /* ToneGenerator.swift */,
				FBAC3C3C19659AD300A5AC60 /* SineWaveAudioBuffer.swift */,
				FBAC3C3E1965B36700A5AC60 /* AudioWaveView.swift */,
				FBD58E7D19619FE6008BBD34 /* Main.storyboard */,
				FBD58E8019619FE6008BBD34 /* Images.xcassets */,
				FBD58E7719619FE6008BBD34 /* Supporting Files */,
				FBFC2F001961C17C00D42CE8 /* ToneGen-Bridging-Header.h */,
			);
			path = ToneGen;
			sourceTree = "<group>";
		};
		FBD58E7719619FE6008BBD34 /* Supporting Files */ = {
			isa = PBXGroup;
			children = (
				FBD58E7819619FE6008BBD34 /* Info.plist */,
			);
			name = "Supporting Files";
			sourceTree = "<group>";
		};
		FBD58E8919619FE6008BBD34 /* ToneGenTests */ = {
			isa = PBXGroup;
			children = (
				FBD58E8C19619FE6008BBD34 /* ToneGenTests.swift */,
				FBD58E8A19619FE6008BBD34 /* Supporting Files */,
			);
			path = ToneGenTests;
			sourceTree = "<group>";
		};
		FBD58E8A19619FE6008BBD34 /* Supporting Files */ = {
			isa = PBXGroup;
			children = (
				FBD58E8B19619FE6008BBD34 /* Info.plist */,
			);
			name = "Supporting Files";
			sourceTree = "<group>";
		};
/* End PBXGroup section */

/* Begin PBXNativeTarget section */
		FBD58E7319619FE6008BBD34 /* ToneGen */ = {
			isa = PBXNativeTarget;
			buildConfigurationList = FBD58E9019619FE6008BBD34 /* Build configuration list for PBXNativeTarget "ToneGen" */;
			buildPhases = (
				FBD58E7019619FE6008BBD34 /* Sources */,
				FBD58E7119619FE6008BBD34 /* Frameworks */,
				FBD58E7219619FE6008BBD34 /* Resources */,
			);
			buildRules = (
			);
			dependencies = (
			);
			name = ToneGen;
			productName = ToneGen;
			productReference = FBD58E7419619FE6008BBD34 /* ToneGen.app */;
			productType = "com.apple.product-type.application";
		};
		FBD58E8519619FE6008BBD34 /* ToneGenTests */ = {
			isa = PBXNativeTarget;
			buildConfigurationList = FBD58E9319619FE6008BBD34 /* Build configuration list for PBXNativeTarget "ToneGenTests" */;
			buildPhases = (
				FBD58E8219619FE6008BBD34 /* Sources */,
				FBD58E8319619FE6008BBD34 /* Frameworks */,
				FBD58E8419619FE6008BBD34 /* Resources */,
			);
			buildRules = (
			);
			dependencies = (
				FBD58E8819619FE6008BBD34 /* PBXTargetDependency */,
			);
			name = ToneGenTests;
			productName = ToneGenTests;
			productReference = FBD58E8619619FE6008BBD34 /* ToneGenTests.xctest */;
			productType = "com.apple.product-type.bundle.unit-test";
		};
/* End PBXNativeTarget section */

/* Begin PBXProject section */
		FBD58E6C19619FE6008BBD34 /* Project object */ = {
			isa = PBXProject;
			attributes = {
				LastUpgradeCheck = 0800;
				ORGANIZATIONNAME = "Rob Napier";
				TargetAttributes = {
					FBD58E7319619FE6008BBD34 = {
						CreatedOnToolsVersion = 6.0;
						LastSwiftMigration = 0810;
					};
					FBD58E8519619FE6008BBD34 = {
						CreatedOnToolsVersion = 6.0;
						LastSwiftMigration = 0810;
						TestTargetID = FBD58E7319619FE6008BBD34;
					};
				};
			};
			buildConfigurationList = FBD58E6F19619FE6008BBD34 /* Build configuration list for PBXProject "ToneGen" */;
			compatibilityVersion = "Xcode 8.0";
			developmentRegion = English;
			hasScannedForEncodings = 0;
			knownRegions = (
				en,
				Base,
			);
			mainGroup = FBD58E6B19619FE6008BBD34;
			productRefGroup = FBD58E7519619FE6008BBD34 /* Products */;
			projectDirPath = "";
			projectRoot = "";
			targets = (
				FBD58E7319619FE6008BBD34 /* ToneGen */,
				FBD58E8519619FE6008BBD34 /* ToneGenTests */,
			);
		};
/* End PBXProject section */

/* Begin PBXResourcesBuildPhase section */
		FBD58E7219619FE6008BBD34 /* Resources */ = {
			isa = PBXResourcesBuildPhase;
			buildActionMask = 2147483647;
			files = (
				FB68DDB91DEB437E00B8DCD6 /* Launch Screen.storyboard in Resources */,
				FBD58E7F19619FE6008BBD34 /* Main.storyboard in Resources */,
				FBD58E8119619FE6008BBD34 /* Images.xcassets in Resources */,
			);
			runOnlyForDeploymentPostprocessing = 0;
		};
		FBD58E8419619FE6008BBD34 /* Resources */ = {
			isa = PBXResourcesBuildPhase;
			buildActionMask = 2147483647;
			files = (
			);
			runOnlyForDeploymentPostprocessing = 0;
		};
/* End PBXResourcesBuildPhase section */

/* Begin PBXSourcesBuildPhase section */
		FBD58E7019619FE6008BBD34 /* Sources */ = {
			isa = PBXSourcesBuildPhase;
			buildActionMask = 2147483647;
			files = (
				FBD58E7C19619FE6008BBD34 /* AudioViewController.swift in Sources */,
				FBD58E971961B6D6008BBD34 /* ToneGenerator.swift in Sources */,
				FBAC3C3D19659AD300A5AC60 /* SineWaveAudioBuffer.swift in Sources */,
				FB3D71FB1DDE51560090CC36 /* Logging.swift in Sources */,
				FBD58E7A19619FE6008BBD34 /* AppDelegate.swift in Sources */,
				FBAC3C3F1965B36700A5AC60 /* AudioWaveView.swift in Sources */,
			);
			runOnlyForDeploymentPostprocessing = 0;
		};
		FBD58E8219619FE6008BBD34 /* Sources */ = {
			isa = PBXSourcesBuildPhase;
			buildActionMask = 2147483647;
			files = (
				FBD58E8D19619FE6008BBD34 /* ToneGenTests.swift in Sources */,
			);
			runOnlyForDeploymentPostprocessing = 0;
		};
/* End PBXSourcesBuildPhase section */

/* Begin PBXTargetDependency section */
		FBD58E8819619FE6008BBD34 /* PBXTargetDependency */ = {
			isa = PBXTargetDependency;
			target = FBD58E7319619FE6008BBD34 /* ToneGen */;
			targetProxy = FBD58E8719619FE6008BBD34 /* PBXContainerItemProxy */;
		};
/* End PBXTargetDependency section */

/* Begin PBXVariantGroup section */
		FBD58E7D19619FE6008BBD34 /* Main.storyboard */ = {
			isa = PBXVariantGroup;
			children = (
				FBD58E7E19619FE6008BBD34 /* Base */,
			);
			name = Main.storyboard;
			sourceTree = "<group>";
		};
/* End PBXVariantGroup section */

/* Begin XCBuildConfiguration section */
		FBD58E8E19619FE6008BBD34 /* Debug */ = {
			isa = XCBuildConfiguration;
			buildSettings = {
				ALWAYS_SEARCH_USER_PATHS = NO;
				CLANG_CXX_LANGUAGE_STANDARD = "gnu++0x";
				CLANG_CXX_LIBRARY = "libc++";
				CLANG_ENABLE_MODULES = YES;
				CLANG_ENABLE_OBJC_ARC = YES;
				CLANG_WARN_BOOL_CONVERSION = YES;
				CLANG_WARN_CONSTANT_CONVERSION = YES;
				CLANG_WARN_DIRECT_OBJC_ISA_USAGE = YES_ERROR;
				CLANG_WARN_EMPTY_BODY = YES;
				CLANG_WARN_ENUM_CONVERSION = YES;
				CLANG_WARN_INFINITE_RECURSION = YES;
				CLANG_WARN_INT_CONVERSION = YES;
				CLANG_WARN_OBJC_ROOT_CLASS = YES_ERROR;
				CLANG_WARN_SUSPICIOUS_MOVE = YES;
				CLANG_WARN_UNREACHABLE_CODE = YES;
				CLANG_WARN__DUPLICATE_METHOD_MATCH = YES;
				"CODE_SIGN_IDENTITY[sdk=iphoneos*]" = "iPhone Developer";
				COPY_PHASE_STRIP = NO;
				ENABLE_STRICT_OBJC_MSGSEND = YES;
				ENABLE_TESTABILITY = YES;
				GCC_C_LANGUAGE_STANDARD = gnu99;
				GCC_DYNAMIC_NO_PIC = NO;
				GCC_NO_COMMON_BLOCKS = YES;
				GCC_OPTIMIZATION_LEVEL = 0;
				GCC_PREPROCESSOR_DEFINITIONS = (
					"DEBUG=1",
					"$(inherited)",
				);
				GCC_SYMBOLS_PRIVATE_EXTERN = NO;
				GCC_WARN_64_TO_32_BIT_CONVERSION = YES;
				GCC_WARN_ABOUT_RETURN_TYPE = YES_ERROR;
				GCC_WARN_UNDECLARED_SELECTOR = YES;
				GCC_WARN_UNINITIALIZED_AUTOS = YES_AGGRESSIVE;
				GCC_WARN_UNUSED_FUNCTION = YES;
				GCC_WARN_UNUSED_VARIABLE = YES;
				METAL_ENABLE_DEBUG_INFO = YES;
				ONLY_ACTIVE_ARCH = YES;
				SDKROOT = iphoneos;
				SWIFT_OPTIMIZATION_LEVEL = "-Onone";
				TARGETED_DEVICE_FAMILY = "1,2";
			};
			name = Debug;
		};
		FBD58E8F19619FE6008BBD34 /* Release */ = {
			isa = XCBuildConfiguration;
			buildSettings = {
				ALWAYS_SEARCH_USER_PATHS = NO;
				CLANG_CXX_LANGUAGE_STANDARD = "gnu++0x";
				CLANG_CXX_LIBRARY = "libc++";
				CLANG_ENABLE_MODULES = YES;
				CLANG_ENABLE_OBJC_ARC = YES;
				CLANG_WARN_BOOL_CONVERSION = YES;
				CLANG_WARN_CONSTANT_CONVERSION = YES;
				CLANG_WARN_DIRECT_OBJC_ISA_USAGE = YES_ERROR;
				CLANG_WARN_EMPTY_BODY = YES;
				CLANG_WARN_ENUM_CONVERSION = YES;
				CLANG_WARN_INFINITE_RECURSION = YES;
				CLANG_WARN_INT_CONVERSION = YES;
				CLANG_WARN_OBJC_ROOT_CLASS = YES_ERROR;
				CLANG_WARN_SUSPICIOUS_MOVE = YES;
				CLANG_WARN_UNREACHABLE_CODE = YES;
				CLANG_WARN__DUPLICATE_METHOD_MATCH = YES;
				"CODE_SIGN_IDENTITY[sdk=iphoneos*]" = "iPhone Developer";
				COPY_PHASE_STRIP = YES;
				ENABLE_NS_ASSERTIONS = NO;
				ENABLE_STRICT_OBJC_MSGSEND = YES;
				GCC_C_LANGUAGE_STANDARD = gnu99;
				GCC_NO_COMMON_BLOCKS = YES;
				GCC_WARN_64_TO_32_BIT_CONVERSION = YES;
				GCC_WARN_ABOUT_RETURN_TYPE = YES_ERROR;
				GCC_WARN_UNDECLARED_SELECTOR = YES;
				GCC_WARN_UNINITIALIZED_AUTOS = YES_AGGRESSIVE;
				GCC_WARN_UNUSED_FUNCTION = YES;
				GCC_WARN_UNUSED_VARIABLE = YES;
				METAL_ENABLE_DEBUG_INFO = NO;
				SDKROOT = iphoneos;
				SWIFT_OPTIMIZATION_LEVEL = "-Owholemodule";
				TARGETED_DEVICE_FAMILY = "1,2";
				VALIDATE_PRODUCT = YES;
			};
			name = Release;
		};
		FBD58E9119619FE6008BBD34 /* Debug */ = {
			isa = XCBuildConfiguration;
			buildSettings = {
				ASSETCATALOG_COMPILER_APPICON_NAME = AppIcon;
				ASSETCATALOG_COMPILER_LAUNCHIMAGE_NAME = LaunchImage;
				CLANG_ENABLE_MODULES = YES;
				DEVELOPMENT_TEAM = VJ6MA88DHJ;
				INFOPLIST_FILE = ToneGen/Info.plist;
				LD_RUNPATH_SEARCH_PATHS = "$(inherited) @executable_path/Frameworks";
				PRODUCT_BUNDLE_IDENTIFIER = "net.robnapier.${PRODUCT_NAME:rfc1034identifier}";
				PRODUCT_NAME = "$(TARGET_NAME)";
				SWIFT_OBJC_BRIDGING_HEADER = "ToneGen/ToneGen-Bridging-Header.h";
				SWIFT_OPTIMIZATION_LEVEL = "-Onone";
				SWIFT_VERSION = 3.0;
				TARGETED_DEVICE_FAMILY = "1,2";
			};
			name = Debug;
		};
		FBD58E9219619FE6008BBD34 /* Release */ = {
			isa = XCBuildConfiguration;
			buildSettings = {
				ASSETCATALOG_COMPILER_APPICON_NAME = AppIcon;
				ASSETCATALOG_COMPILER_LAUNCHIMAGE_NAME = LaunchImage;
				CLANG_ENABLE_MODULES = YES;
				DEVELOPMENT_TEAM = VJ6MA88DHJ;
				INFOPLIST_FILE = ToneGen/Info.plist;
				LD_RUNPATH_SEARCH_PATHS = "$(inherited) @executable_path/Frameworks";
				PRODUCT_BUNDLE_IDENTIFIER = "net.robnapier.${PRODUCT_NAME:rfc1034identifier}";
				PRODUCT_NAME = "$(TARGET_NAME)";
				SWIFT_OBJC_BRIDGING_HEADER = "ToneGen/ToneGen-Bridging-Header.h";
				SWIFT_VERSION = 3.0;
				TARGETED_DEVICE_FAMILY = "1,2";
			};
			name = Release;
		};
		FBD58E9419619FE6008BBD34 /* Debug */ = {
			isa = XCBuildConfiguration;
			buildSettings = {
				BUNDLE_LOADER = "$(BUILT_PRODUCTS_DIR)/ToneGen.app/ToneGen";
				FRAMEWORK_SEARCH_PATHS = (
					"$(SDKROOT)/Developer/Library/Frameworks",
					"$(inherited)",
				);
				GCC_PREPROCESSOR_DEFINITIONS = (
					"DEBUG=1",
					"$(inherited)",
				);
				INFOPLIST_FILE = ToneGenTests/Info.plist;
				LD_RUNPATH_SEARCH_PATHS = "$(inherited) @executable_path/Frameworks @loader_path/Frameworks";
				METAL_ENABLE_DEBUG_INFO = YES;
				PRODUCT_BUNDLE_IDENTIFIER = "net.robnapier.${PRODUCT_NAME:rfc1034identifier}";
				PRODUCT_NAME = "$(TARGET_NAME)";
				SWIFT_VERSION = 3.0;
				TEST_HOST = "$(BUNDLE_LOADER)";
			};
			name = Debug;
		};
		FBD58E9519619FE6008BBD34 /* Release */ = {
			isa = XCBuildConfiguration;
			buildSettings = {
				BUNDLE_LOADER = "$(BUILT_PRODUCTS_DIR)/ToneGen.app/ToneGen";
				FRAMEWORK_SEARCH_PATHS = (
					"$(SDKROOT)/Developer/Library/Frameworks",
					"$(inherited)",
				);
				INFOPLIST_FILE = ToneGenTests/Info.plist;
				LD_RUNPATH_SEARCH_PATHS = "$(inherited) @executable_path/Frameworks @loader_path/Frameworks";
				METAL_ENABLE_DEBUG_INFO = NO;
				PRODUCT_BUNDLE_IDENTIFIER = "net.robnapier.${PRODUCT_NAME:rfc1034identifier}";
				PRODUCT_NAME = "$(TARGET_NAME)";
				SWIFT_VERSION = 3.0;
				TEST_HOST = "$(BUNDLE_LOADER)";
			};
			name = Release;
		};
/* End XCBuildConfiguration section */

/* Begin XCConfigurationList section */
		FBD58E6F19619FE6008BBD34 /* Build configuration list for PBXProject "ToneGen" */ = {
			isa = XCConfigurationList;
			buildConfigurations = (
				FBD58E8E19619FE6008BBD34 /* Debug */,
				FBD58E8F19619FE6008BBD34 /* Release */,
			);
			defaultConfigurationIsVisible = 0;
			defaultConfigurationName = Release;
		};
		FBD58E9019619FE6008BBD34 /* Build configuration list for PBXNativeTarget "ToneGen" */ = {
			isa = XCConfigurationList;
			buildConfigurations = (
				FBD58E9119619FE6008BBD34 /* Debug */,
				FBD58E9219619FE6008BBD34 /* Release */,
			);
			defaultConfigurationIsVisible = 0;
			defaultConfigurationName = Release;
		};
		FBD58E9319619FE6008BBD34 /* Build configuration list for PBXNativeTarget "ToneGenTests" */ = {
			isa = XCConfigurationList;
			buildConfigurations = (
				FBD58E9419619FE6008BBD34 /* Debug */,
				FBD58E9519619FE6008BBD34 /* Release */,
			);
			defaultConfigurationIsVisible = 0;
			defaultConfigurationName = Release;
		};
/* End XCConfigurationList section */
	};
	rootObject = FBD58E6C19619FE6008BBD34 /* Project object */;
}
